
Microsoft Visual Studio Solution File, Format Version 12.00
# Visual Studio 15
VisualStudioVersion = 15.0.27703.2000
MinimumVisualStudioVersion = 10.0.40219.1
Project("{FAE04EC0-301F-11D3-BF4B-00C04F79EFBC}") = "VisionApiSample", "VisionApiSample\VisionApiSample.csproj", "{55BFAC99-FAC5-4BC9-A4AF-C89E3B9FBB71}"
EndProject
Global
	GlobalSection(SolutionConfigurationPlatforms) = preSolution
		Debug|Any CPU = Debug|Any CPU
		Release|Any CPU = Release|Any CPU
	EndGlobalSection
	GlobalSection(ProjectConfigurationPlatforms) = postSolution
		{55BFAC99-FAC5-4BC9-A4AF-C89E3B9FBB71}.Debug|Any CPU.ActiveCfg = Debug|Any CPU
		{55BFAC99-FAC5-4BC9-A4AF-C89E3B9FBB71}.Debug|Any CPU.Build.0 = Debug|Any CPU
		{55BFAC99-FAC5-4BC9-A4AF-C89E3B9FBB71}.Release|Any CPU.ActiveCfg = Release|Any CPU
		{55BFAC99-FAC5-4BC9-A4AF-C89E3B9FBB71}.Release|Any CPU.Build.0 = Release|Any CPU
	EndGlobalSection
	GlobalSection(SolutionProperties) = preSolution
		HideSolutionNode = FALSE
	EndGlobalSection
	GlobalSection(ExtensibilityGlobals) = postSolution
		SolutionGuid = {F432D34F-AB66-4206-AE8E-6D520854237C}
	EndGlobalSection
EndGlobal
